
Microsoft Visual Studio Solution File, Format Version 12.00
# Visual Studio Version 17
VisualStudioVersion = 17.8.34004.107
MinimumVisualStudioVersion = 10.0.40219.1
Project("{9A19103F-16F7-4668-BE54-9A1E7A4F7556}") = "CookieSalmon", "cookie-stand-api\CookieSalmon.csproj", "{3A0BF6AC-172F-411C-B411-3A0607E0EFFA}"
EndProject
Global
	GlobalSection(SolutionConfigurationPlatforms) = preSolution
		Debug|Any CPU = Debug|Any CPU
		Release|Any CPU = Release|Any CPU
	EndGlobalSection
	GlobalSection(ProjectConfigurationPlatforms) = postSolution
		{3A0BF6AC-172F-411C-B411-3A0607E0EFFA}.Debug|Any CPU.ActiveCfg = Debug|Any CPU
		{3A0BF6AC-172F-411C-B411-3A0607E0EFFA}.Debug|Any CPU.Build.0 = Debug|Any CPU
		{3A0BF6AC-172F-411C-B411-3A0607E0EFFA}.Release|Any CPU.ActiveCfg = Release|Any CPU
		{3A0BF6AC-172F-411C-B411-3A0607E0EFFA}.Release|Any CPU.Build.0 = Release|Any CPU
	EndGlobalSection
	GlobalSection(SolutionProperties) = preSolution
		HideSolutionNode = FALSE
	EndGlobalSection
	GlobalSection(ExtensibilityGlobals) = postSolution
		SolutionGuid = {6661ABC5-7B9C-43E9-98AB-187313BB9116}
	EndGlobalSection
EndGlobal
